
Microsoft Visual Studio Solution File, Format Version 12.00
# Visual Studio Version 17
VisualStudioVersion = 17.0.32112.339
MinimumVisualStudioVersion = 10.0.40219.1
Project("{FAE04EC0-301F-11D3-BF4B-00C04F79EFBC}") = "SPRINT TWO", "SPRINT TWO.csproj", "{10A15DB6-21B6-4C39-AC9C-CA899B9B7ACD}"
EndProject
Global
	GlobalSection(SolutionConfigurationPlatforms) = preSolution
		Debug|Any CPU = Debug|Any CPU
		Release|Any CPU = Release|Any CPU
	EndGlobalSection
	GlobalSection(ProjectConfigurationPlatforms) = postSolution
		{10A15DB6-21B6-4C39-AC9C-CA899B9B7ACD}.Debug|Any CPU.ActiveCfg = Debug|Any CPU
		{10A15DB6-21B6-4C39-AC9C-CA899B9B7ACD}.Debug|Any CPU.Build.0 = Debug|Any CPU
		{10A15DB6-21B6-4C39-AC9C-CA899B9B7ACD}.Release|Any CPU.ActiveCfg = Release|Any CPU
		{10A15DB6-21B6-4C39-AC9C-CA899B9B7ACD}.Release|Any CPU.Build.0 = Release|Any CPU
	EndGlobalSection
	GlobalSection(SolutionProperties) = preSolution
		HideSolutionNode = FALSE
	EndGlobalSection
	GlobalSection(ExtensibilityGlobals) = postSolution
		SolutionGuid = {38947461-E04C-49F5-BD53-727BC3B7300F}
	EndGlobalSection
EndGlobal
